// !$*UTF8*$!
{
	archiveVersion = 1;
	classes = {
	};
	objectVersion = 51;
	objects = {

/* Begin PBXBuildFile section */
		8F19179F237B85020048C66E /* GoogleService-Info.plist in Resources */ = {isa = PBXBuildFile; fileRef = 8F19179E237B85020048C66E /* GoogleService-Info.plist */; };
		8FEF8BEA234C0D7600E0FBA4 /* AppDelegate.swift in Sources */ = {isa = PBXBuildFile; fileRef = 8FEF8BE9234C0D7600E0FBA4 /* AppDelegate.swift */; };
		8FEF8BEC234C0D7600E0FBA4 /* SceneDelegate.swift in Sources */ = {isa = PBXBuildFile; fileRef = 8FEF8BEB234C0D7600E0FBA4 /* SceneDelegate.swift */; };
		8FEF8BEE234C0D7600E0FBA4 /* ViewController.swift in Sources */ = {isa = PBXBuildFile; fileRef = 8FEF8BED234C0D7600E0FBA4 /* ViewController.swift */; };
		8FEF8BF1234C0D7600E0FBA4 /* Main.storyboard in Resources */ = {isa = PBXBuildFile; fileRef = 8FEF8BEF234C0D7600E0FBA4 /* Main.storyboard */; };
		8FEF8BF3234C0D7A00E0FBA4 /* Assets.xcassets in Resources */ = {isa = PBXBuildFile; fileRef = 8FEF8BF2234C0D7A00E0FBA4 /* Assets.xcassets */; };
		8FEF8BF6234C0D7A00E0FBA4 /* LaunchScreen.storyboard in Resources */ = {isa = PBXBuildFile; fileRef = 8FEF8BF4234C0D7A00E0FBA4 /* LaunchScreen.storyboard */; };
		9DFD6819B030704A1D6FEC84 /* Pods_Homework1.framework in Frameworks */ = {isa = PBXBuildFile; fileRef = 3DB3C3CACA2B159C39436A63 /* Pods_Homework1.framework */; };
/* End PBXBuildFile section */

/* Begin PBXFileReference section */
		3DB3C3CACA2B159C39436A63 /* Pods_Homework1.framework */ = {isa = PBXFileReference; explicitFileType = wrapper.framework; includeInIndex = 0; path = Pods_Homework1.framework; sourceTree = BUILT_PRODUCTS_DIR; };
		8F19179E237B85020048C66E /* GoogleService-Info.plist */ = {isa = PBXFileReference; fileEncoding = 4; lastKnownFileType = text.plist.xml; name = "GoogleService-Info.plist"; path = "../../../../Downloads/GoogleService-Info.plist"; sourceTree = "<group>"; };
		8FEF8BE6234C0D7600E0FBA4 /* Homework1.app */ = {isa = PBXFileReference; explicitFileType = wrapper.application; includeInIndex = 0; path = Homework1.app; sourceTree = BUILT_PRODUCTS_DIR; };
		8FEF8BE9234C0D7600E0FBA4 /* AppDelegate.swift */ = {isa = PBXFileReference; lastKnownFileType = sourcecode.swift; path = AppDelegate.swift; sourceTree = "<group>"; };
		8FEF8BEB234C0D7600E0FBA4 /* SceneDelegate.swift */ = {isa = PBXFileReference; lastKnownFileType = sourcecode.swift; path = SceneDelegate.swift; sourceTree = "<group>"; };
		8FEF8BED234C0D7600E0FBA4 /* ViewController.swift */ = {isa = PBXFileReference; lastKnownFileType = sourcecode.swift; path = ViewController.swift; sourceTree = "<group>"; };
		8FEF8BF0234C0D7600E0FBA4 /* Base */ = {isa = PBXFileReference; lastKnownFileType = file.storyboard; name = Base; path = Base.lproj/Main.storyboard; sourceTree = "<group>"; };
		8FEF8BF2234C0D7A00E0FBA4 /* Assets.xcassets */ = {isa = PBXFileReference; lastKnownFileType = folder.assetcatalog; path = Assets.xcassets; sourceTree = "<group>"; };
		8FEF8BF5234C0D7A00E0FBA4 /* Base */ = {isa = PBXFileReference; lastKnownFileType = file.storyboard; name = Base; path = Base.lproj/LaunchScreen.storyboard; sourceTree = "<group>"; };
		8FEF8BF7234C0D7A00E0FBA4 /* Info.plist */ = {isa = PBXFileReference; lastKnownFileType = text.plist.xml; path = Info.plist; sourceTree = "<group>"; };
		9CC8D27F26424B5B7372EEF4 /* Pods-Homework1.debug.xcconfig */ = {isa = PBXFileReference; includeInIndex = 1; lastKnownFileType = text.xcconfig; name = "Pods-Homework1.debug.xcconfig"; path = "Target Support Files/Pods-Homework1/Pods-Homework1.debug.xcconfig"; sourceTree = "<group>"; };
		FA31849E2F6FCC236BFE760B /* Pods-Homework1.release.xcconfig */ = {isa = PBXFileReference; includeInIndex = 1; lastKnownFileType = text.xcconfig; name = "Pods-Homework1.release.xcconfig"; path = "Target Support Files/Pods-Homework1/Pods-Homework1.release.xcconfig"; sourceTree = "<group>"; };
/* End PBXFileReference section */

/* Begin PBXFrameworksBuildPhase section */
		8FEF8BE3234C0D7600E0FBA4 /* Frameworks */ = {
			isa = PBXFrameworksBuildPhase;
			buildActionMask = 2147483647;
			files = (
				9DFD6819B030704A1D6FEC84 /* Pods_Homework1.framework in Frameworks */,
			);
			runOnlyForDeploymentPostprocessing = 0;
		};
/* End PBXFrameworksBuildPhase section */

/* Begin PBXGroup section */
		729F117932C601179B984103 /* Pods */ = {
			isa = PBXGroup;
			children = (
				9CC8D27F26424B5B7372EEF4 /* Pods-Homework1.debug.xcconfig */,
				FA31849E2F6FCC236BFE760B /* Pods-Homework1.release.xcconfig */,
			);
			path = Pods;
			sourceTree = "<group>";
		};
		7CE73DD329008FBB1293B039 /* Frameworks */ = {
			isa = PBXGroup;
			children = (
				3DB3C3CACA2B159C39436A63 /* Pods_Homework1.framework */,
			);
			name = Frameworks;
			sourceTree = "<group>";
		};
		8FEF8BDD234C0D7600E0FBA4 = {
			isa = PBXGroup;
			children = (
				8FEF8BE8234C0D7600E0FBA4 /* Homework1 */,
				8FEF8BE7234C0D7600E0FBA4 /* Products */,
				729F117932C601179B984103 /* Pods */,
				7CE73DD329008FBB1293B039 /* Frameworks */,
			);
			sourceTree = "<group>";
		};
		8FEF8BE7234C0D7600E0FBA4 /* Products */ = {
			isa = PBXGroup;
			children = (
				8FEF8BE6234C0D7600E0FBA4 /* Homework1.app */,
			);
			name = Products;
			sourceTree = "<group>";
		};
		8FEF8BE8234C0D7600E0FBA4 /* Homework1 */ = {
			isa = PBXGroup;
			children = (
				8FEF8BE9234C0D7600E0FBA4 /* AppDelegate.swift */,
				8FEF8BEB234C0D7600E0FBA4 /* SceneDelegate.swift */,
				8FEF8BED234C0D7600E0FBA4 /* ViewController.swift */,
				8FEF8BEF234C0D7600E0FBA4 /* Main.storyboard */,
				8FEF8BF2234C0D7A00E0FBA4 /* Assets.xcassets */,
				8FEF8BF4234C0D7A00E0FBA4 /* LaunchScreen.storyboard */,
				8FEF8BF7234C0D7A00E0FBA4 /* Info.plist */,
				8F19179E237B85020048C66E /* GoogleService-Info.plist */,
			);
			path = Homework1;
			sourceTree = "<group>";
		};
/* End PBXGroup section */

/* Begin PBXNativeTarget section */
		8FEF8BE5234C0D7600E0FBA4 /* Homework1 */ = {
			isa = PBXNativeTarget;
			buildConfigurationList = 8FEF8BFA234C0D7A00E0FBA4 /* Build configuration list for PBXNativeTarget "Homework1" */;
			buildPhases = (
				7E07072A99EE3AAE090AD94E /* [CP] Check Pods Manifest.lock */,
				8FEF8BE2234C0D7600E0FBA4 /* Sources */,
				8FEF8BE3234C0D7600E0FBA4 /* Frameworks */,
				8FEF8BE4234C0D7600E0FBA4 /* Resources */,
				0202038775D7D4D49AAEA8AB /* [CP] Embed Pods Frameworks */,
			);
			buildRules = (
			);
			dependencies = (
			);
			name = Homework1;
			productName = Homework1;
			productReference = 8FEF8BE6234C0D7600E0FBA4 /* Homework1.app */;
			productType = "com.apple.product-type.application";
		};
/* End PBXNativeTarget section */

/* Begin PBXProject section */
		8FEF8BDE234C0D7600E0FBA4 /* Project object */ = {
			isa = PBXProject;
			attributes = {
				LastSwiftUpdateCheck = 1100;
				LastUpgradeCheck = 1100;
				ORGANIZATIONNAME = "Niu Shang";
				TargetAttributes = {
					8FEF8BE5234C0D7600E0FBA4 = {
						CreatedOnToolsVersion = 11.0;
					};
				};
			};
			buildConfigurationList = 8FEF8BE1234C0D7600E0FBA4 /* Build configuration list for PBXProject "Homework1" */;
			compatibilityVersion = "Xcode 9.3";
			developmentRegion = en;
			hasScannedForEncodings = 0;
			knownRegions = (
				en,
				Base,
			);
			mainGroup = 8FEF8BDD234C0D7600E0FBA4;
			productRefGroup = 8FEF8BE7234C0D7600E0FBA4 /* Products */;
			projectDirPath = "";
			projectRoot = "";
			targets = (
				8FEF8BE5234C0D7600E0FBA4 /* Homework1 */,
			);
		};
/* End PBXProject section */

/* Begin PBXResourcesBuildPhase section */
		8FEF8BE4234C0D7600E0FBA4 /* Resources */ = {
			isa = PBXResourcesBuildPhase;
			buildActionMask = 2147483647;
			files = (
				8FEF8BF6234C0D7A00E0FBA4 /* LaunchScreen.storyboard in Resources */,
				8F19179F237B85020048C66E /* GoogleService-Info.plist in Resources */,
				8FEF8BF3234C0D7A00E0FBA4 /* Assets.xcassets in Resources */,
				8FEF8BF1234C0D7600E0FBA4 /* Main.storyboard in Resources */,
			);
			runOnlyForDeploymentPostprocessing = 0;
		};
/* End PBXResourcesBuildPhase section */

/* Begin PBXShellScriptBuildPhase section */
		0202038775D7D4D49AAEA8AB /* [CP] Embed Pods Frameworks */ = {
			isa = PBXShellScriptBuildPhase;
			buildActionMask = 2147483647;
			files = (
			);
			inputFileListPaths = (
				"${PODS_ROOT}/Target Support Files/Pods-Homework1/Pods-Homework1-frameworks-${CONFIGURATION}-input-files.xcfilelist",
			);
			name = "[CP] Embed Pods Frameworks";
			outputFileListPaths = (
				"${PODS_ROOT}/Target Support Files/Pods-Homework1/Pods-Homework1-frameworks-${CONFIGURATION}-output-files.xcfilelist",
			);
			runOnlyForDeploymentPostprocessing = 0;
			shellPath = /bin/sh;
			shellScript = "\"${PODS_ROOT}/Target Support Files/Pods-Homework1/Pods-Homework1-frameworks.sh\"\n";
			showEnvVarsInLog = 0;
		};
		7E07072A99EE3AAE090AD94E /* [CP] Check Pods Manifest.lock */ = {
			isa = PBXShellScriptBuildPhase;
			buildActionMask = 2147483647;
			files = (
			);
			inputFileListPaths = (
			);
			inputPaths = (
				"${PODS_PODFILE_DIR_PATH}/Podfile.lock",
				"${PODS_ROOT}/Manifest.lock",
			);
			name = "[CP] Check Pods Manifest.lock";
			outputFileListPaths = (
			);
			outputPaths = (
				"$(DERIVED_FILE_DIR)/Pods-Homework1-checkManifestLockResult.txt",
			);
			runOnlyForDeploymentPostprocessing = 0;
			shellPath = /bin/sh;
			shellScript = "diff \"${PODS_PODFILE_DIR_PATH}/Podfile.lock\" \"${PODS_ROOT}/Manifest.lock\" > /dev/null\nif [ $? != 0 ] ; then\n    # print error to STDERR\n    echo \"error: The sandbox is not in sync with the Podfile.lock. Run 'pod install' or update your CocoaPods installation.\" >&2\n    exit 1\nfi\n# This output is used by Xcode 'outputs' to avoid re-running this script phase.\necho \"SUCCESS\" > \"${SCRIPT_OUTPUT_FILE_0}\"\n";
			showEnvVarsInLog = 0;
		};
/* End PBXShellScriptBuildPhase section */

/* Begin PBXSourcesBuildPhase section */
		8FEF8BE2234C0D7600E0FBA4 /* Sources */ = {
			isa = PBXSourcesBuildPhase;
			buildActionMask = 2147483647;
			files = (
				8FEF8BEE234C0D7600E0FBA4 /* ViewController.swift in Sources */,
				8FEF8BEA234C0D7600E0FBA4 /* AppDelegate.swift in Sources */,
				8FEF8BEC234C0D7600E0FBA4 /* SceneDelegate.swift in Sources */,
			);
			runOnlyForDeploymentPostprocessing = 0;
		};
/* End PBXSourcesBuildPhase section */

/* Begin PBXVariantGroup section */
		8FEF8BEF234C0D7600E0FBA4 /* Main.storyboard */ = {
			isa = PBXVariantGroup;
			children = (
				8FEF8BF0234C0D7600E0FBA4 /* Base */,
			);
			name = Main.storyboard;
			sourceTree = "<group>";
		};
		8FEF8BF4234C0D7A00E0FBA4 /* LaunchScreen.storyboard */ = {
			isa = PBXVariantGroup;
			children = (
				8FEF8BF5234C0D7A00E0FBA4 /* Base */,
			);
			name = LaunchScreen.storyboard;
			sourceTree = "<group>";
		};
/* End PBXVariantGroup section */

/* Begin XCBuildConfiguration section */
		8FEF8BF8234C0D7A00E0FBA4 /* Debug */ = {
			isa = XCBuildConfiguration;
			buildSettings = {
				ALWAYS_SEARCH_USER_PATHS = NO;
				CLANG_ANALYZER_NONNULL = YES;
				CLANG_ANALYZER_NUMBER_OBJECT_CONVERSION = YES_AGGRESSIVE;
				CLANG_CXX_LANGUAGE_STANDARD = "gnu++14";
				CLANG_CXX_LIBRARY = "libc++";
				CLANG_ENABLE_MODULES = YES;
				CLANG_ENABLE_OBJC_ARC = YES;
				CLANG_ENABLE_OBJC_WEAK = YES;
				CLANG_WARN_BLOCK_CAPTURE_AUTORELEASING = YES;
				CLANG_WARN_BOOL_CONVERSION = YES;
				CLANG_WARN_COMMA = YES;
				CLANG_WARN_CONSTANT_CONVERSION = YES;
				CLANG_WARN_DEPRECATED_OBJC_IMPLEMENTATIONS = YES;
				CLANG_WARN_DIRECT_OBJC_ISA_USAGE = YES_ERROR;
				CLANG_WARN_DOCUMENTATION_COMMENTS = YES;
				CLANG_WARN_EMPTY_BODY = YES;
				CLANG_WARN_ENUM_CONVERSION = YES;
				CLANG_WARN_INFINITE_RECURSION = YES;
				CLANG_WARN_INT_CONVERSION = YES;
				CLANG_WARN_NON_LITERAL_NULL_CONVERSION = YES;
				CLANG_WARN_OBJC_IMPLICIT_RETAIN_SELF = YES;
				CLANG_WARN_OBJC_LITERAL_CONVERSION = YES;
				CLANG_WARN_OBJC_ROOT_CLASS = YES_ERROR;
				CLANG_WARN_RANGE_LOOP_ANALYSIS = YES;
				CLANG_WARN_STRICT_PROTOTYPES = YES;
				CLANG_WARN_SUSPICIOUS_MOVE = YES;
				CLANG_WARN_UNGUARDED_AVAILABILITY = YES_AGGRESSIVE;
				CLANG_WARN_UNREACHABLE_CODE = YES;
				CLANG_WARN__DUPLICATE_METHOD_MATCH = YES;
				COPY_PHASE_STRIP = NO;
				DEBUG_INFORMATION_FORMAT = dwarf;
				ENABLE_STRICT_OBJC_MSGSEND = YES;
				ENABLE_TESTABILITY = YES;
				GCC_C_LANGUAGE_STANDARD = gnu11;
				GCC_DYNAMIC_NO_PIC = NO;
				GCC_NO_COMMON_BLOCKS = YES;
				GCC_OPTIMIZATION_LEVEL = 0;
				GCC_PREPROCESSOR_DEFINITIONS = (
					"DEBUG=1",
					"$(inherited)",
				);
				GCC_WARN_64_TO_32_BIT_CONVERSION = YES;
				GCC_WARN_ABOUT_RETURN_TYPE = YES_ERROR;
				GCC_WARN_UNDECLARED_SELECTOR = YES;
				GCC_WARN_UNINITIALIZED_AUTOS = YES_AGGRESSIVE;
				GCC_WARN_UNUSED_FUNCTION = YES;
				GCC_WARN_UNUSED_VARIABLE = YES;
				IPHONEOS_DEPLOYMENT_TARGET = 13.0;
				MTL_ENABLE_DEBUG_INFO = INCLUDE_SOURCE;
				MTL_FAST_MATH = YES;
				ONLY_ACTIVE_ARCH = YES;
				SDKROOT = iphoneos;
				SWIFT_ACTIVE_COMPILATION_CONDITIONS = DEBUG;
				SWIFT_OPTIMIZATION_LEVEL = "-Onone";
			};
			name = Debug;
		};
		8FEF8BF9234C0D7A00E0FBA4 /* Release */ = {
			isa = XCBuildConfiguration;
			buildSettings = {
				ALWAYS_SEARCH_USER_PATHS = NO;
				CLANG_ANALYZER_NONNULL = YES;
				CLANG_ANALYZER_NUMBER_OBJECT_CONVERSION = YES_AGGRESSIVE;
				CLANG_CXX_LANGUAGE_STANDARD = "gnu++14";
				CLANG_CXX_LIBRARY = "libc++";
				CLANG_ENABLE_MODULES = YES;
				CLANG_ENABLE_OBJC_ARC = YES;
				CLANG_ENABLE_OBJC_WEAK = YES;
				CLANG_WARN_BLOCK_CAPTURE_AUTORELEASING = YES;
				CLANG_WARN_BOOL_CONVERSION = YES;
				CLANG_WARN_COMMA = YES;
				CLANG_WARN_CONSTANT_CONVERSION = YES;
				CLANG_WARN_DEPRECATED_OBJC_IMPLEMENTATIONS = YES;
				CLANG_WARN_DIRECT_OBJC_ISA_USAGE = YES_ERROR;
				CLANG_WARN_DOCUMENTATION_COMMENTS = YES;
				CLANG_WARN_EMPTY_BODY = YES;
				CLANG_WARN_ENUM_CONVERSION = YES;
				CLANG_WARN_INFINITE_RECURSION = YES;
				CLANG_WARN_INT_CONVERSION = YES;
				CLANG_WARN_NON_LITERAL_NULL_CONVERSION = YES;
				CLANG_WARN_OBJC_IMPLICIT_RETAIN_SELF = YES;
				CLANG_WARN_OBJC_LITERAL_CONVERSION = YES;
				CLANG_WARN_OBJC_ROOT_CLASS = YES_ERROR;
				CLANG_WARN_RANGE_LOOP_ANALYSIS = YES;
				CLANG_WARN_STRICT_PROTOTYPES = YES;
				CLANG_WARN_SUSPICIOUS_MOVE = YES;
				CLANG_WARN_UNGUARDED_AVAILABILITY = YES_AGGRESSIVE;
				CLANG_WARN_UNREACHABLE_CODE = YES;
				CLANG_WARN__DUPLICATE_METHOD_MATCH = YES;
				COPY_PHASE_STRIP = NO;
				DEBUG_INFORMATION_FORMAT = "dwarf-with-dsym";
				ENABLE_NS_ASSERTIONS = NO;
				ENABLE_STRICT_OBJC_MSGSEND = YES;
				GCC_C_LANGUAGE_STANDARD = gnu11;
				GCC_NO_COMMON_BLOCKS = YES;
				GCC_WARN_64_TO_32_BIT_CONVERSION = YES;
				GCC_WARN_ABOUT_RETURN_TYPE = YES_ERROR;
				GCC_WARN_UNDECLARED_SELECTOR = YES;
				GCC_WARN_UNINITIALIZED_AUTOS = YES_AGGRESSIVE;
				GCC_WARN_UNUSED_FUNCTION = YES;
				GCC_WARN_UNUSED_VARIABLE = YES;
				IPHONEOS_DEPLOYMENT_TARGET = 13.0;
				MTL_ENABLE_DEBUG_INFO = NO;
				MTL_FAST_MATH = YES;
				SDKROOT = iphoneos;
				SWIFT_COMPILATION_MODE = wholemodule;
				SWIFT_OPTIMIZATION_LEVEL = "-O";
				VALIDATE_PRODUCT = YES;
			};
			name = Release;
		};
		8FEF8BFB234C0D7A00E0FBA4 /* Debug */ = {
			isa = XCBuildConfiguration;
			baseConfigurationReference = 9CC8D27F26424B5B7372EEF4 /* Pods-Homework1.debug.xcconfig */;
			buildSettings = {
				ASSETCATALOG_COMPILER_APPICON_NAME = AppIcon;
				CODE_SIGN_STYLE = Automatic;
				DEVELOPMENT_TEAM = MLU29XXM5L;
				INFOPLIST_FILE = Homework1/Info.plist;
				LD_RUNPATH_SEARCH_PATHS = (
					"$(inherited)",
					"@executable_path/Frameworks",
				);
				PRODUCT_BUNDLE_IDENTIFIER = arcsoft.Homework1;
				PRODUCT_NAME = "$(TARGET_NAME)";
				SWIFT_VERSION = 5.0;
				TARGETED_DEVICE_FAMILY = "1,2";
			};
			name = Debug;
		};
		8FEF8BFC234C0D7A00E0FBA4 /* Release */ = {
			isa = XCBuildConfiguration;
			baseConfigurationReference = FA31849E2F6FCC236BFE760B /* Pods-Homework1.release.xcconfig */;
			buildSettings = {
				ASSETCATALOG_COMPILER_APPICON_NAME = AppIcon;
				CODE_SIGN_STYLE = Automatic;
				DEVELOPMENT_TEAM = MLU29XXM5L;
				INFOPLIST_FILE = Homework1/Info.plist;
				LD_RUNPATH_SEARCH_PATHS = (
					"$(inherited)",
					"@executable_path/Frameworks",
				);
				PRODUCT_BUNDLE_IDENTIFIER = arcsoft.Homework1;
				PRODUCT_NAME = "$(TARGET_NAME)";
				SWIFT_VERSION = 5.0;
				TARGETED_DEVICE_FAMILY = "1,2";
			};
			name = Release;
		};
/* End XCBuildConfiguration section */

/* Begin XCConfigurationList section */
		8FEF8BE1234C0D7600E0FBA4 /* Build configuration list for PBXProject "Homework1" */ = {
			isa = XCConfigurationList;
			buildConfigurations = (
				8FEF8BF8234C0D7A00E0FBA4 /* Debug */,
				8FEF8BF9234C0D7A00E0FBA4 /* Release */,
			);
			defaultConfigurationIsVisible = 0;
			defaultConfigurationName = Release;
		};
		8FEF8BFA234C0D7A00E0FBA4 /* Build configuration list for PBXNativeTarget "Homework1" */ = {
			isa = XCConfigurationList;
			buildConfigurations = (
				8FEF8BFB234C0D7A00E0FBA4 /* Debug */,
				8FEF8BFC234C0D7A00E0FBA4 /* Release */,
			);
			defaultConfigurationIsVisible = 0;
			defaultConfigurationName = Release;
		};
/* End XCConfigurationList section */
	};
	rootObject = 8FEF8BDE234C0D7600E0FBA4 /* Project object */;
}
